<Solution>
  <Project Path="ModbusTCP/ModbusTCP.csproj" Id="69bb1e15-a52c-4991-bf1e-9cd581ee1f74" />
  <Project Path="Models/MVP.Models.csproj" Id="1109c54e-5d5b-4c1d-85eb-3662f9f74891" />
  <Project Path="PLC.Common/PLC.Common.csproj" Id="fd83ac88-d00f-413b-9f8e-22f41223ae79" />
  <Project Path="PLC.Services/PLC.Services.csproj" Id="f9ecb77a-735e-4fd9-a22e-8f5eb868fdc7" />
  <Project Path="Presenters/MVP.Presenters.csproj" Id="6d323b50-0955-4b7b-9877-51617d096f14" />
</Solution>
